
Microsoft Visual Studio Solution File, Format Version 12.00
# Visual Studio Version 17
VisualStudioVersion = 17.5.33414.496
MinimumVisualStudioVersion = 10.0.40219.1
Project("{FAE04EC0-301F-11D3-BF4B-00C04F79EFBC}") = "WindowsFormsApp", "WindowsFormsApp\WindowsFormsApp.csproj", "{D0E8ABF6-E576-4B77-95A3-624692647F13}"
EndProject
Global
	GlobalSection(SolutionConfigurationPlatforms) = preSolution
		Debug|Any CPU = Debug|Any CPU
		Release|Any CPU = Release|Any CPU
	EndGlobalSection
	GlobalSection(ProjectConfigurationPlatforms) = postSolution
		{D0E8ABF6-E576-4B77-95A3-624692647F13}.Debug|Any CPU.ActiveCfg = Debug|Any CPU
		{D0E8ABF6-E576-4B77-95A3-624692647F13}.Debug|Any CPU.Build.0 = Debug|Any CPU
		{D0E8ABF6-E576-4B77-95A3-624692647F13}.Release|Any CPU.ActiveCfg = Release|Any CPU
		{D0E8ABF6-E576-4B77-95A3-624692647F13}.Release|Any CPU.Build.0 = Release|Any CPU
	EndGlobalSection
	GlobalSection(SolutionProperties) = preSolution
		HideSolutionNode = FALSE
	EndGlobalSection
	GlobalSection(ExtensibilityGlobals) = postSolution
		SolutionGuid = {14619B9C-8668-432F-BE27-880CA2E9D9E5}
	EndGlobalSection
EndGlobal
